# THIS IS AN AUTOGENERATED FILE. DO NOT EDIT THIS FILE DIRECTLY.
# yarn lockfile v1


"@cloudflare/workers-types@^4.20221111.1":
  version "4.20221111.1"
  resolved "https://registry.yarnpkg.com/@cloudflare/workers-types/-/workers-types-4.20221111.1.tgz#c3dbb5ef52cf5fab275803ece0424b205c78ad3e"
  integrity sha512-BNV2wN8V6Zduvo7UzxcdjBbLQ906D2KhS804PDufLgx/sanGJCHVJMOIaLvS/b61JKtot1U7P/l1fjrjZ7/E3A==

"@esbuild/android-arm@0.15.11":
  version "0.15.11"
  resolved "https://registry.yarnpkg.com/@esbuild/android-arm/-/android-arm-0.15.11.tgz#bdd9c3e098183bdca97075aa4c3e0152ed3e10ee"
  integrity sha512-PzMcQLazLBkwDEkrNPi9AbjFt6+3I7HKbiYF2XtWQ7wItrHvEOeO3T8Am434zAozWtVP7lrTue1bEfc2nYWeCA==

"@esbuild/linux-loong64@0.15.11":
  version "0.15.11"
  resolved "https://registry.yarnpkg.com/@esbuild/linux-loong64/-/linux-loong64-0.15.11.tgz#2f4f9a1083dcb4fc65233b6f59003c406abf32e5"
  integrity sha512-geWp637tUhNmhL3Xgy4Bj703yXB9dqiLJe05lCUfjSFDrQf9C/8pArusyPUbUbPwlC/EAUjBw32sxuIl/11dZw==

"@iarna/toml@^2.2.5":
  version "2.2.5"
  resolved "https://registry.yarnpkg.com/@iarna/toml/-/toml-2.2.5.tgz#b32366c89b43c6f8cefbdefac778b9c828e3ba8c"
  integrity sha512-trnsAYxU3xnS1gPHPyU961coFyLkh4gAD/0zQ5mymY4yOZ+CYvsPqUbOFSw0aDM4y0tV7tiFxL/1XfXPNC6IPg==

"@miniflare/cache@2.10.0":
  version "2.10.0"
  resolved "https://registry.yarnpkg.com/@miniflare/cache/-/cache-2.10.0.tgz#526b153b2a0467b65285d02d44f3bba9d885f57c"
  integrity sha512-nzEqFVPnD7Yf0HMDv7gCPpf4NSXfjhc+zg3gSwUS4Dad5bWV10B1ujTZW6HxQulW3CBHIg616mTjXIiaimVuEQ==
  dependencies:
    "@miniflare/core" "2.10.0"
    "@miniflare/shared" "2.10.0"
    http-cache-semantics "^4.1.0"
    undici "5.9.1"

"@miniflare/cli-parser@2.10.0":
  version "2.10.0"
  resolved "https://registry.yarnpkg.com/@miniflare/cli-parser/-/cli-parser-2.10.0.tgz#dc5bb5ddce18e89e335e1ef50596c903a6d1a769"
  integrity sha512-NAiCtqlHTUKCmV+Jl9af+ixGmMhiGhIyIfr/vCdbismNEBxEsrQGg3sQYTNfvCkdHtODurQqayQreFq21OuEow==
  dependencies:
    "@miniflare/shared" "2.10.0"
    kleur "^4.1.4"

"@miniflare/core@2.10.0":
  version "2.10.0"
  resolved "https://registry.yarnpkg.com/@miniflare/core/-/core-2.10.0.tgz#f8cc01358d032b74bfdec09ccbf6cac8ec1c672b"
  integrity sha512-Jx1M5oXQua0jzsJVdZSq07baVRmGC/6JkglrPQGAlZ7gQ1sunVZzq9fjxFqj0bqfEuYS0Wy6+lvK4rOAHISIjw==
  dependencies:
    "@iarna/toml" "^2.2.5"
    "@miniflare/queues" "2.10.0"
    "@miniflare/shared" "2.10.0"
    "@miniflare/watcher" "2.10.0"
    busboy "^1.6.0"
    dotenv "^10.0.0"
    kleur "^4.1.4"
    set-cookie-parser "^2.4.8"
    undici "5.9.1"
    urlpattern-polyfill "^4.0.3"

"@miniflare/d1@2.10.0":
  version "2.10.0"
  resolved "https://registry.yarnpkg.com/@miniflare/d1/-/d1-2.10.0.tgz#790e289dd48ef227954740ca8c1c8c9a94c1f864"
  integrity sha512-mOYZSmpTthH0tmFTQ+O9G0Q+iDAd7oiUtoIBianlKa9QiqYAoO7EBUPy6kUgDHXapOcN5Ri1u3J5UTpxXvw3qg==
  dependencies:
    "@miniflare/core" "2.10.0"
    "@miniflare/shared" "2.10.0"

"@miniflare/durable-objects@2.10.0":
  version "2.10.0"
  resolved "https://registry.yarnpkg.com/@miniflare/durable-objects/-/durable-objects-2.10.0.tgz#bea4ad53523481fc3db4f49a49804c667bc76ef8"
  integrity sha512-gU45f52gveFtCasm0ixYnt0mHI1lHrPomtmF+89oZGKBzOqUfO5diDs6wmoRSnovOWZCwtmwQGRoorAQN7AmoA==
  dependencies:
    "@miniflare/core" "2.10.0"
    "@miniflare/shared" "2.10.0"
    "@miniflare/storage-memory" "2.10.0"
    undici "5.9.1"

"@miniflare/html-rewriter@2.10.0":
  version "2.10.0"
  resolved "https://registry.yarnpkg.com/@miniflare/html-rewriter/-/html-rewriter-2.10.0.tgz#8ea54d1ba977d5dc63282a2960f5410f1c1c64bd"
  integrity sha512-hCdG99L8+Ros4dn3B5H37PlQPBH0859EoRslzNTd4jzGIkwdiawpJvrvesL8056GjbUjeJN1zh7OPBRuMgyGLw==
  dependencies:
    "@miniflare/core" "2.10.0"
    "@miniflare/shared" "2.10.0"
    html-rewriter-wasm "^0.4.1"
    undici "5.9.1"

"@miniflare/http-server@2.10.0":
  version "2.10.0"
  resolved "https://registry.yarnpkg.com/@miniflare/http-server/-/http-server-2.10.0.tgz#9396fb5993c0efcedd56cd66b43905fbc7b23855"
  integrity sha512-cm6hwkONucll93yoY8dteMp//Knvmb7n6zAgeHrtuNYKn//lAL6bRY//VLTttrMmfWxZFi1C7WpOeCv8Mn6/ug==
  dependencies:
    "@miniflare/core" "2.10.0"
    "@miniflare/shared" "2.10.0"
    "@miniflare/web-sockets" "2.10.0"
    kleur "^4.1.4"
    selfsigned "^2.0.0"
    undici "5.9.1"
    ws "^8.2.2"
    youch "^2.2.2"

"@miniflare/kv@2.10.0":
  version "2.10.0"
  resolved "https://registry.yarnpkg.com/@miniflare/kv/-/kv-2.10.0.tgz#d02978452a623bcb00a48ecd413eb42f668f794e"
  integrity sha512-3+u1lO77FnlS0lQ6b1VgM1E/ZgQ/zy/FU+SdBG5LUOIiv3x522VYHOApeJLnSEo0KtZUB22Ni0fWQM6DgpaREg==
  dependencies:
    "@miniflare/shared" "2.10.0"

"@miniflare/queues@2.10.0":
  version "2.10.0"
  resolved "https://registry.yarnpkg.com/@miniflare/queues/-/queues-2.10.0.tgz#e3affcd022910480f0e638c3d4df6acece3198b0"
  integrity sha512-WKdO6qI9rfS96KlCjazzPFf+qj6DPov4vONyf18+jzbRjRJh/xwWSk1/1h5A+gDPwVNG8TsNRPh9DW5OKBGNjw==
  dependencies:
    "@miniflare/shared" "2.10.0"

"@miniflare/r2@2.10.0":
  version "2.10.0"
  resolved "https://registry.yarnpkg.com/@miniflare/r2/-/r2-2.10.0.tgz#1e430c30fe99d06f3910cf88509f0f6ccf6fb94f"
  integrity sha512-uC1CCWbwM1t8DdpZgrveg6+CkZLfTq+wUMqs20BC5rCT8u8UyRv6ZVRQ7pTPiswLyt1oYDTXsZJK7tjV0U0zew==
  dependencies:
    "@miniflare/shared" "2.10.0"
    undici "5.9.1"

"@miniflare/runner-vm@2.10.0":
  version "2.10.0"
  resolved "https://registry.yarnpkg.com/@miniflare/runner-vm/-/runner-vm-2.10.0.tgz#96f4a36ae0e35456adf538bc22ceacb3074d0ad1"
  integrity sha512-oTsHitQdQ1B1kT3G/6n9AEXsMd/sT1D8tLGzc7Xr79ZrxYxwRO0ATF3cdkxk4dUjUqg/RUqvOJV4YjJGyqvctg==
  dependencies:
    "@miniflare/shared" "2.10.0"

"@miniflare/scheduler@2.10.0":
  version "2.10.0"
  resolved "https://registry.yarnpkg.com/@miniflare/scheduler/-/scheduler-2.10.0.tgz#cc9a65bcc0ad4d8bbac4b639318c9866afc030d3"
  integrity sha512-eGt2cZFE/yo585nT8xINQwdbTotZfeRIh6FUWmZkbva1i5SW0zTiOojr5a95vAGBF3TzwWGsUuzJpLhBB69a/g==
  dependencies:
    "@miniflare/core" "2.10.0"
    "@miniflare/shared" "2.10.0"
    cron-schedule "^3.0.4"

"@miniflare/shared@2.10.0":
  version "2.10.0"
  resolved "https://registry.yarnpkg.com/@miniflare/shared/-/shared-2.10.0.tgz#1bf2c687927aae4bc005a57d555642817d9639f6"
  integrity sha512-GDSweEhJ3nNtStGm6taZGUNytM0QTQ/sjZSedAKyF1/aHRaZUcD9cuKAMgIbSpKfvgGdLMNS7Bhd8jb249TO7g==
  dependencies:
    "@types/better-sqlite3" "^7.6.0"
    kleur "^4.1.4"
    npx-import "^1.1.3"
    picomatch "^2.3.1"

"@miniflare/sites@2.10.0":
  version "2.10.0"
  resolved "https://registry.yarnpkg.com/@miniflare/sites/-/sites-2.10.0.tgz#483a53a48232bba7a358436c71c16677f40bb11f"
  integrity sha512-1NVAT6+JS2OubL+pOOR5E/6MMddxQHWMi/yIDSumyyfXmj7Sm7n5dE1FvNPetggMP4f8+AjoyT9AYvdd1wkspQ==
  dependencies:
    "@miniflare/kv" "2.10.0"
    "@miniflare/shared" "2.10.0"
    "@miniflare/storage-file" "2.10.0"

"@miniflare/storage-file@2.10.0":
  version "2.10.0"
  resolved "https://registry.yarnpkg.com/@miniflare/storage-file/-/storage-file-2.10.0.tgz#f008129ae602dee5d38169db1fba7970373c170c"
  integrity sha512-K/cRIWiTl4+Z+VO6tl4VfuYXA3NLJgvGPV+BCRYD7uTKuPYHqDMErtD1BI1I7nc3WJhwIXfzJrAR3XXhSKKWQQ==
  dependencies:
    "@miniflare/shared" "2.10.0"
    "@miniflare/storage-memory" "2.10.0"

"@miniflare/storage-memory@2.10.0":
  version "2.10.0"
  resolved "https://registry.yarnpkg.com/@miniflare/storage-memory/-/storage-memory-2.10.0.tgz#8acf7340118854872be2b784aa1a293c350f428f"
  integrity sha512-ZATU+qZtJ9yG0umgTrOEUi9SU//YyDb8nYXMgqT4JHODYA3RTz1SyyiQSOOz589upJPdu1LN+0j8W24WGRwwxQ==
  dependencies:
    "@miniflare/shared" "2.10.0"

"@miniflare/watcher@2.10.0":
  version "2.10.0"
  resolved "https://registry.yarnpkg.com/@miniflare/watcher/-/watcher-2.10.0.tgz#43c7d282dc3de02abf73bb4acfd3a78fa5bf8429"
  integrity sha512-X9CFYYyszfSYDzs07KhbWC2i08Dpyh3D60fPonYZcoZAfa5h9eATHUdRGvNCdax7awYp4b8bvU8upAI//OPlMg==
  dependencies:
    "@miniflare/shared" "2.10.0"

"@miniflare/web-sockets@2.10.0":
  version "2.10.0"
  resolved "https://registry.yarnpkg.com/@miniflare/web-sockets/-/web-sockets-2.10.0.tgz#603d162d4f198b7a0b6b149e2c7ae6136c017dac"
  integrity sha512-W+PrapdQqNEEFeD+amENgPQWcETGDp7OEh6JAoSzCRhHA0OoMe8DG0xb5a5+2FjGW/J7FFKsv84wkURpmFT4dQ==
  dependencies:
    "@miniflare/core" "2.10.0"
    "@miniflare/shared" "2.10.0"
    undici "5.9.1"
    ws "^8.2.2"

"@types/better-sqlite3@^7.6.0":
  version "7.6.0"
  resolved "https://registry.yarnpkg.com/@types/better-sqlite3/-/better-sqlite3-7.6.0.tgz#603d1c7a72527dd946e2bf641ed4c0b74a547423"
  integrity sha512-rnSP9vY+fVsF3iJja5yRGBJV63PNBiezJlYrCkqUmQWFoB16cxAHwOkjsAYEu317miOfKaJpa65cbp0P4XJ/jw==
  dependencies:
    "@types/node" "*"

"@types/itty-router-extras@^0.4.0":
  version "0.4.0"
  resolved "https://registry.yarnpkg.com/@types/itty-router-extras/-/itty-router-extras-0.4.0.tgz#d3909f7c9c63d82ede082603d52715bea8e4dde2"
  integrity sha512-IcXmXB8vVbjWy4McZjKzo+3sdQyzMpyHi5mQ4iViu6yX9cS/SVlGR+6H/AgzfG32svaQJeOhl2gfXYwf1AKEgg==
  dependencies:
    itty-router "^2.3.10"

"@types/node@*":
  version "18.7.18"
  resolved "https://registry.yarnpkg.com/@types/node/-/node-18.7.18.tgz#633184f55c322e4fb08612307c274ee6d5ed3154"
  integrity sha512-m+6nTEOadJZuTPkKR/SYK3A2d7FZrgElol9UP1Kae90VVU4a6mxnPuLiIW1m4Cq4gZ/nWb9GrdVXJCoCazDAbg==

"@types/stack-trace@0.0.29":
  version "0.0.29"
  resolved "https://registry.yarnpkg.com/@types/stack-trace/-/stack-trace-0.0.29.tgz#eb7a7c60098edb35630ed900742a5ecb20cfcb4d"
  integrity sha512-TgfOX+mGY/NyNxJLIbDWrO9DjGoVSW9+aB8H2yy1fy32jsvxijhmyJI9fDFgvz3YP4lvJaq9DzdR/M1bOgVc9g==

buffer-from@^1.0.0:
  version "1.1.2"
  resolved "https://registry.yarnpkg.com/buffer-from/-/buffer-from-1.1.2.tgz#2b146a6fd72e80b4f55d255f35ed59a3a9a41bd5"
  integrity sha512-E+XQCRwSbaaiChtv6k6Dwgc+bx+Bs6vuKJHHl5kox/BaKbhiXzqQOwK4cO22yElGp2OCmjwVhT3HmxgyPGnJfQ==

builtins@^5.0.0:
  version "5.0.1"
  resolved "https://registry.yarnpkg.com/builtins/-/builtins-5.0.1.tgz#87f6db9ab0458be728564fa81d876d8d74552fa9"
  integrity sha512-qwVpFEHNfhYJIzNRBvd2C1kyo6jz3ZSMPyyuR47OPdiKWlbYnZNyDWuyR175qDnAJLiCo5fBBqPb3RiXgWlkOQ==
  dependencies:
    semver "^7.0.0"

busboy@^1.6.0:
  version "1.6.0"
  resolved "https://registry.yarnpkg.com/busboy/-/busboy-1.6.0.tgz#966ea36a9502e43cdb9146962523b92f531f6893"
  integrity sha512-8SFQbg/0hQ9xy3UNTB0YEnsNBbWfhf7RtnzpL7TkBiTBRfrQ9Fxcnz7VJsleJpyp6rVLvXiuORqjlHi5q+PYuA==
  dependencies:
    streamsearch "^1.1.0"

cloudflare-webpush-request-builder@^1.1.0:
  version "1.1.0"
  resolved "https://registry.yarnpkg.com/cloudflare-webpush-request-builder/-/cloudflare-webpush-request-builder-1.1.0.tgz#97e8e4af0a0bab9407104ff9a8ea0240567d0b4c"
  integrity sha512-yIVigKMIaqp8vKVqwG51/9WjQQvQmJlvOsaEoM8JV8+GZOOJjv8h/rEl8WD2TItqWh5tekBysqf2qW4oF17yKg==

cookie@^0.4.1:
  version "0.4.2"
  resolved "https://registry.yarnpkg.com/cookie/-/cookie-0.4.2.tgz#0e41f24de5ecf317947c82fc789e06a884824432"
  integrity sha512-aSWTXFzaKWkvHO1Ny/s+ePFpvKsPnjc551iI41v3ny/ow6tBG5Vd+FuqGNhh1LxOmVzOlGUriIlOaokOvhaStA==

cron-schedule@^3.0.4:
  version "3.0.6"
  resolved "https://registry.yarnpkg.com/cron-schedule/-/cron-schedule-3.0.6.tgz#7d0a3ad9154112fc3720fe43238a43d50e8465e7"
  integrity sha512-izfGgKyzzIyLaeb1EtZ3KbglkS6AKp9cv7LxmiyoOu+fXfol1tQDC0Cof0enVZGNtudTHW+3lfuW9ZkLQss4Wg==

cross-spawn@^7.0.3:
  version "7.0.3"
  resolved "https://registry.yarnpkg.com/cross-spawn/-/cross-spawn-7.0.3.tgz#f73a85b9d5d41d045551c177e2882d4ac85728a6"
  integrity sha512-iRDPJKUPVEND7dHPO8rkbOnPpyDygcDFtWjpeWNCgy8WP2rXcxXL8TskReQl6OrB2G7+UJrags1q15Fudc7G6w==
  dependencies:
    path-key "^3.1.0"
    shebang-command "^2.0.0"
    which "^2.0.1"

date-fns@^2.29.3:
  version "2.29.3"
  resolved "https://registry.yarnpkg.com/date-fns/-/date-fns-2.29.3.tgz#27402d2fc67eb442b511b70bbdf98e6411cd68a8"
  integrity sha512-dDCnyH2WnnKusqvZZ6+jA1O51Ibt8ZMRNkDZdyAyK4YfbDwa/cEmuztzG5pk6hqlp9aSBPYcjOlktquahGwGeA==

dotenv@^10.0.0:
  version "10.0.0"
  resolved "https://registry.yarnpkg.com/dotenv/-/dotenv-10.0.0.tgz#3d4227b8fb95f81096cdd2b66653fb2c7085ba81"
  integrity sha512-rlBi9d8jpv9Sf1klPjNfFAuWDjKLwTIJJ/VxtoTwIR6hnZxcEOQCZg2oIL3MWBYw5GpUDKOEnND7LXTbIpQ03Q==

esbuild-android-64@0.15.11:
  version "0.15.11"
  resolved "https://registry.yarnpkg.com/esbuild-android-64/-/esbuild-android-64-0.15.11.tgz#50402129c3e85bb06434e212374c5f693e4c5f01"
  integrity sha512-rrwoXEiuI1kaw4k475NJpexs8GfJqQUKcD08VR8sKHmuW9RUuTR2VxcupVvHdiGh9ihxL9m3lpqB1kju92Ialw==

esbuild-android-arm64@0.15.11:
  version "0.15.11"
  resolved "https://registry.yarnpkg.com/esbuild-android-arm64/-/esbuild-android-arm64-0.15.11.tgz#49bee35218ea2ccf1a0c5f187af77c1c0a5dee71"
  integrity sha512-/hDubOg7BHOhUUsT8KUIU7GfZm5bihqssvqK5PfO4apag7YuObZRZSzViyEKcFn2tPeHx7RKbSBXvAopSHDZJQ==

esbuild-darwin-64@0.15.11:
  version "0.15.11"
  resolved "https://registry.yarnpkg.com/esbuild-darwin-64/-/esbuild-darwin-64-0.15.11.tgz#89a90c8cf6f0029ac4169bfedd012a0412c1575f"
  integrity sha512-1DqHD0ms3AhiwkKnjRUzmiW7JnaJJr5FKrPiR7xuyMwnjDqvNWDdMq4rKSD9OC0piFNK6n0LghsglNMe2MwJtA==

esbuild-darwin-arm64@0.15.11:
  version "0.15.11"
  resolved "https://registry.yarnpkg.com/esbuild-darwin-arm64/-/esbuild-darwin-arm64-0.15.11.tgz#556f4385c6de806cc81132dd7b8af00fe9d292df"
  integrity sha512-OMzhxSbS0lwwrW40HHjRCeVIJTURdXFA8c3GU30MlHKuPCcvWNUIKVucVBtNpJySXmbkQMDJdJNrXzNDyvoqvQ==

esbuild-freebsd-64@0.15.11:
  version "0.15.11"
  resolved "https://registry.yarnpkg.com/esbuild-freebsd-64/-/esbuild-freebsd-64-0.15.11.tgz#fd86fd1b3b65366048f35b996d9cdf3547384eee"
  integrity sha512-8dKP26r0/Qyez8nTCwpq60QbuYKOeBygdgOAWGCRalunyeqWRoSZj9TQjPDnTTI9joxd3QYw3UhVZTKxO9QdRg==

esbuild-freebsd-arm64@0.15.11:
  version "0.15.11"
  resolved "https://registry.yarnpkg.com/esbuild-freebsd-arm64/-/esbuild-freebsd-arm64-0.15.11.tgz#d346bcacfe9779ebc1a11edac1bdedeff6dda3b1"
  integrity sha512-aSGiODiukLGGnSg/O9+cGO2QxEacrdCtCawehkWYTt5VX1ni2b9KoxpHCT9h9Y6wGqNHmXFnB47RRJ8BIqZgmQ==

esbuild-linux-32@0.15.11:
  version "0.15.11"
  resolved "https://registry.yarnpkg.com/esbuild-linux-32/-/esbuild-linux-32-0.15.11.tgz#64b50e774bf75af7dcc6a73ad509f2eb0ac4487b"
  integrity sha512-lsrAfdyJBGx+6aHIQmgqUonEzKYeBnyfJPkT6N2dOf1RoXYYV1BkWB6G02tjsrz1d5wZzaTc3cF+TKmuTo/ZwA==

esbuild-linux-64@0.15.11:
  version "0.15.11"
  resolved "https://registry.yarnpkg.com/esbuild-linux-64/-/esbuild-linux-64-0.15.11.tgz#fba3a78b95769772863f8f6dc316abca55cf8416"
  integrity sha512-Y2Rh+PcyVhQqXKBTacPCltINN3uIw2xC+dsvLANJ1SpK5NJUtxv8+rqWpjmBgaNWKQT1/uGpMmA9olALy9PLVA==

esbuild-linux-arm64@0.15.11:
  version "0.15.11"
  resolved "https://registry.yarnpkg.com/esbuild-linux-arm64/-/esbuild-linux-arm64-0.15.11.tgz#c0cb31980eee066bfd39a4593660a0ecebe926cb"
  integrity sha512-uhcXiTwTmD4OpxJu3xC5TzAAw6Wzf9O1XGWL448EE9bqGjgV1j+oK3lIHAfsHnuIn8K4nDW8yjX0Sv5S++oRuw==

esbuild-linux-arm@0.15.11:
  version "0.15.11"
  resolved "https://registry.yarnpkg.com/esbuild-linux-arm/-/esbuild-linux-arm-0.15.11.tgz#7824d20099977aa671016c7de7a5038c9870010f"
  integrity sha512-TJllTVk5aSyqPFvvcHTvf6Wu1ZKhWpJ/qNmZO8LL/XeB+LXCclm7HQHNEIz6MT7IX8PmlC1BZYrOiw2sXSB95A==

esbuild-linux-mips64le@0.15.11:
  version "0.15.11"
  resolved "https://registry.yarnpkg.com/esbuild-linux-mips64le/-/esbuild-linux-mips64le-0.15.11.tgz#10627331c90164e553429ed25e025184bba485b6"
  integrity sha512-WD61y/R1M4BLe4gxXRypoQ0Ci+Vjf714QYzcPNkiYv5I8K8WDz2ZR8Bm6cqKxd6rD+e/rZgPDbhQ9PCf7TMHmA==

esbuild-linux-ppc64le@0.15.11:
  version "0.15.11"
  resolved "https://registry.yarnpkg.com/esbuild-linux-ppc64le/-/esbuild-linux-ppc64le-0.15.11.tgz#be42679a36a5246b893fc8b898135ebacb5a0a14"
  integrity sha512-JVleZS9oPVLTlBhPTWgOwxFWU/wMUdlBwTbGA4GF8c38sLbS13cupj+C8bLq929jU7EMWry4SaL+tKGIaTlqKg==

esbuild-linux-riscv64@0.15.11:
  version "0.15.11"
  resolved "https://registry.yarnpkg.com/esbuild-linux-riscv64/-/esbuild-linux-riscv64-0.15.11.tgz#3ac2f328e3db73cbff833ada94314d8e79503e54"
  integrity sha512-9aLIalZ2HFHIOZpmVU11sEAS9F8TnHw49daEjcgMpBXHFF57VuT9f9/9LKJhw781Gda0P9jDkuCWJ0tFbErvJw==

esbuild-linux-s390x@0.15.11:
  version "0.15.11"
  resolved "https://registry.yarnpkg.com/esbuild-linux-s390x/-/esbuild-linux-s390x-0.15.11.tgz#e774e0df061b6847d86783bf3c8c4300a72e03ad"
  integrity sha512-sZHtiXXOKsLI3XGBGoYO4qKBzJlb8xNsWmvFiwFMHFzA4AXgDP1KDp7Dawe9C2pavTRBDvl+Ok4n/DHQ59oaTg==

esbuild-netbsd-64@0.15.11:
  version "0.15.11"
  resolved "https://registry.yarnpkg.com/esbuild-netbsd-64/-/esbuild-netbsd-64-0.15.11.tgz#55e265fa4489e3f396b16c81f6f5a11d6ca2a9a4"
  integrity sha512-hUC9yN06K9sg7ju4Vgu9ChAPdsEgtcrcLfyNT5IKwKyfpLvKUwCMZSdF+gRD3WpyZelgTQfJ+pDx5XFbXTlB0A==

esbuild-openbsd-64@0.15.11:
  version "0.15.11"
  resolved "https://registry.yarnpkg.com/esbuild-openbsd-64/-/esbuild-openbsd-64-0.15.11.tgz#bc04103ccfd8c2f2241e1add0b51a095955b73c4"
  integrity sha512-0bBo9SQR4t66Wd91LGMAqmWorzO0TTzVjYiifwoFtel8luFeXuPThQnEm5ztN4g0fnvcp7AnUPPzS/Depf17wQ==

esbuild-sunos-64@0.15.11:
  version "0.15.11"
  resolved "https://registry.yarnpkg.com/esbuild-sunos-64/-/esbuild-sunos-64-0.15.11.tgz#ccd580305d31fde07b5c386da79c942aaf069013"
  integrity sha512-EuBdTGlsMTjEl1sQnBX2jfygy7iR6CKfvOzi+gEOfhDqbHXsmY1dcpbVtcwHAg9/2yUZSfMJHMAgf1z8M4yyyw==

esbuild-windows-32@0.15.11:
  version "0.15.11"
  resolved "https://registry.yarnpkg.com/esbuild-windows-32/-/esbuild-windows-32-0.15.11.tgz#40fe1d48f9b20a76f6db5109aaaf1511aed58c71"
  integrity sha512-O0/Wo1Wk6dc0rZSxkvGpmTNIycEznHmkObTFz2VHBhjPsO4ZpCgfGxNkCpz4AdAIeMczpTXt/8d5vdJNKEGC+Q==

esbuild-windows-64@0.15.11:
  version "0.15.11"
  resolved "https://registry.yarnpkg.com/esbuild-windows-64/-/esbuild-windows-64-0.15.11.tgz#80c58b1ef2ff030c78e3a06e7a922776cc4cb687"
  integrity sha512-x977Q4HhNjnHx00b4XLAnTtj5vfbdEvkxaQwC1Zh5AN8g5EX+izgZ6e5QgqJgpzyRNJqh4hkgIJF1pyy1be0mQ==

esbuild-windows-arm64@0.15.11:
  version "0.15.11"
  resolved "https://registry.yarnpkg.com/esbuild-windows-arm64/-/esbuild-windows-arm64-0.15.11.tgz#018624023b5c3f0cca334cc99f5ef7134d396333"
  integrity sha512-VwUHFACuBahrvntdcMKZteUZ9HaYrBRODoKe4tIWxguQRvvYoYb7iu5LrcRS/FQx8KPZNaa72zuqwVtHeXsITw==

esbuild@^0.15.11:
  version "0.15.11"
  resolved "https://registry.yarnpkg.com/esbuild/-/esbuild-0.15.11.tgz#524d48612a9aa7edc1753c83459cb6fcae0cb66e"
  integrity sha512-OgHGuhlfZ//mToxjte1D5iiiQgWfJ2GByVMwEC/IuoXsBGkuyK1+KrjYu0laSpnN/L1UmLUCv0s25vObdc1bVg==
  optionalDependencies:
    "@esbuild/android-arm" "0.15.11"
    "@esbuild/linux-loong64" "0.15.11"
    esbuild-android-64 "0.15.11"
    esbuild-android-arm64 "0.15.11"
    esbuild-darwin-64 "0.15.11"
    esbuild-darwin-arm64 "0.15.11"
    esbuild-freebsd-64 "0.15.11"
    esbuild-freebsd-arm64 "0.15.11"
    esbuild-linux-32 "0.15.11"
    esbuild-linux-64 "0.15.11"
    esbuild-linux-arm "0.15.11"
    esbuild-linux-arm64 "0.15.11"
    esbuild-linux-mips64le "0.15.11"
    esbuild-linux-ppc64le "0.15.11"
    esbuild-linux-riscv64 "0.15.11"
    esbuild-linux-s390x "0.15.11"
    esbuild-netbsd-64 "0.15.11"
    esbuild-openbsd-64 "0.15.11"
    esbuild-sunos-64 "0.15.11"
    esbuild-windows-32 "0.15.11"
    esbuild-windows-64 "0.15.11"
    esbuild-windows-arm64 "0.15.11"

execa@^6.1.0:
  version "6.1.0"
  resolved "https://registry.yarnpkg.com/execa/-/execa-6.1.0.tgz#cea16dee211ff011246556388effa0818394fb20"
  integrity sha512-QVWlX2e50heYJcCPG0iWtf8r0xjEYfz/OYLGDYH+IyjWezzPNxz63qNFOu0l4YftGWuizFVZHHs8PrLU5p2IDA==
  dependencies:
    cross-spawn "^7.0.3"
    get-stream "^6.0.1"
    human-signals "^3.0.1"
    is-stream "^3.0.0"
    merge-stream "^2.0.0"
    npm-run-path "^5.1.0"
    onetime "^6.0.0"
    signal-exit "^3.0.7"
    strip-final-newline "^3.0.0"

get-stream@^6.0.1:
  version "6.0.1"
  resolved "https://registry.yarnpkg.com/get-stream/-/get-stream-6.0.1.tgz#a262d8eef67aced57c2852ad6167526a43cbf7b7"
  integrity sha512-ts6Wi+2j3jQjqi70w5AlN8DFnkSwC+MqmxEzdEALB2qXZYV3X/b1CTfgPLGJNMeAWxdPfU8FO1ms3NUfaHCPYg==

html-rewriter-wasm@^0.4.1:
  version "0.4.1"
  resolved "https://registry.yarnpkg.com/html-rewriter-wasm/-/html-rewriter-wasm-0.4.1.tgz#235e3d96c1aa4bfd2182661ee13881e290ff5ff2"
  integrity sha512-lNovG8CMCCmcVB1Q7xggMSf7tqPCijZXaH4gL6iE8BFghdQCbaY5Met9i1x2Ex8m/cZHDUtXK9H6/znKamRP8Q==

http-cache-semantics@^4.1.0:
  version "4.1.0"
  resolved "https://registry.yarnpkg.com/http-cache-semantics/-/http-cache-semantics-4.1.0.tgz#49e91c5cbf36c9b94bcfcd71c23d5249ec74e390"
  integrity sha512-carPklcUh7ROWRK7Cv27RPtdhYhUsela/ue5/jKzjegVvXDqM2ILE9Q2BGn9JZJh1g87cp56su/FgQSzcWS8cQ==

human-signals@^3.0.1:
  version "3.0.1"
  resolved "https://registry.yarnpkg.com/human-signals/-/human-signals-3.0.1.tgz#c740920859dafa50e5a3222da9d3bf4bb0e5eef5"
  integrity sha512-rQLskxnM/5OCldHo+wNXbpVgDn5A17CUoKX+7Sokwaknlq7CdSnphy0W39GU8dw59XiCXmFXDg4fRuckQRKewQ==

is-stream@^3.0.0:
  version "3.0.0"
  resolved "https://registry.yarnpkg.com/is-stream/-/is-stream-3.0.0.tgz#e6bfd7aa6bef69f4f472ce9bb681e3e57b4319ac"
  integrity sha512-LnQR4bZ9IADDRSkvpqMGvt/tEJWclzklNgSw48V5EAaAeDd6qGvN8ei6k5p0tvxSR171VmGyHuTiAOfxAbr8kA==

isexe@^2.0.0:
  version "2.0.0"
  resolved "https://registry.yarnpkg.com/isexe/-/isexe-2.0.0.tgz#e8fbf374dc556ff8947a10dcb0572d633f2cfa10"
  integrity sha512-RHxMLp9lnKHGHRng9QFhRCMbYAcVpn69smSGcq3f36xjgVVWThj4qqLbTLlq7Ssj8B+fIQ1EuCEGI2lKsyQeIw==

itty-router-extras@^0.4.2:
  version "0.4.2"
  resolved "https://registry.yarnpkg.com/itty-router-extras/-/itty-router-extras-0.4.2.tgz#e46891ebea63f09ada74603649d8a6c4ce0c5df7"
  integrity sha512-ppHaBzcTXs7idFSDISehG+8kif2/4aqLCfyY/Y/uIZv79sfEfNmTq9G+rDeqblun/VZRBiXZD8ztYmMS8EOsKw==

itty-router@^2.3.10:
  version "2.6.1"
  resolved "https://registry.yarnpkg.com/itty-router/-/itty-router-2.6.1.tgz#eecb59fa25b5f6f519276cc5bcaaa1cb341d5fee"
  integrity sha512-l9gxWe5TOLUESYnBn85Jxd6tIZLWdRX5YKkHIBfSgbNQ7UFPNUGuWihRV+LlEbfJJIzgLmhwAbaWRi5yWJm8kg==

itty-router@^2.6.6:
  version "2.6.6"
  resolved "https://registry.yarnpkg.com/itty-router/-/itty-router-2.6.6.tgz#78a08c3b7dc1bd90ce832cae8eff7e4cbfbf67ef"
  integrity sha512-hIPHtXGymCX7Lzb2I4G6JgZFE4QEEQwst9GORK7sMYUpJvLfy4yZJr95r04e8DzoAnj6HcxM2m4TbK+juu+18g==

kleur@^4.1.4:
  version "4.1.5"
  resolved "https://registry.yarnpkg.com/kleur/-/kleur-4.1.5.tgz#95106101795f7050c6c650f350c683febddb1780"
  integrity sha512-o+NO+8WrRiQEE4/7nwRJhN1HWpVmJm511pBHUxPLtp0BUISzlBplORYSmTclCnJvQq2tKu/sgl3xVpkc7ZWuQQ==

lru-cache@^6.0.0:
  version "6.0.0"
  resolved "https://registry.yarnpkg.com/lru-cache/-/lru-cache-6.0.0.tgz#6d6fe6570ebd96aaf90fcad1dafa3b2566db3a94"
  integrity sha512-Jo6dJ04CmSjuznwJSS3pUeWmd/H0ffTlkXXgwZi+eq1UCmqQwCh+eLsYOYCwY991i2Fah4h1BEMCx4qThGbsiA==
  dependencies:
    yallist "^4.0.0"

merge-stream@^2.0.0:
  version "2.0.0"
  resolved "https://registry.yarnpkg.com/merge-stream/-/merge-stream-2.0.0.tgz#52823629a14dd00c9770fb6ad47dc6310f2c1f60"
  integrity sha512-abv/qOcuPfk3URPfDzmZU1LKmuw8kT+0nIHvKrKgFrwifol/doWcdA4ZqsWQ8ENrFKkd67Mfpo/LovbIUsbt3w==

mimic-fn@^4.0.0:
  version "4.0.0"
  resolved "https://registry.yarnpkg.com/mimic-fn/-/mimic-fn-4.0.0.tgz#60a90550d5cb0b239cca65d893b1a53b29871ecc"
  integrity sha512-vqiC06CuhBTUdZH+RYl8sFrL096vA45Ok5ISO6sE/Mr1jRbGH4Csnhi8f3wKVl7x8mO4Au7Ir9D3Oyv1VYMFJw==

miniflare@^2.10.0:
  version "2.10.0"
  resolved "https://registry.yarnpkg.com/miniflare/-/miniflare-2.10.0.tgz#4e9e1f8af56c8ec865f88d490197d0e682c91a5d"
  integrity sha512-WPveqChVDdmDGv+wFqXjFqEZlZ5/aBlAKX37h/e4TAjl2XsK5nPfQATP8jZXwNDEC5iE29bYZymOqeZkp+t7OA==
  dependencies:
    "@miniflare/cache" "2.10.0"
    "@miniflare/cli-parser" "2.10.0"
    "@miniflare/core" "2.10.0"
    "@miniflare/d1" "2.10.0"
    "@miniflare/durable-objects" "2.10.0"
    "@miniflare/html-rewriter" "2.10.0"
    "@miniflare/http-server" "2.10.0"
    "@miniflare/kv" "2.10.0"
    "@miniflare/queues" "2.10.0"
    "@miniflare/r2" "2.10.0"
    "@miniflare/runner-vm" "2.10.0"
    "@miniflare/scheduler" "2.10.0"
    "@miniflare/shared" "2.10.0"
    "@miniflare/sites" "2.10.0"
    "@miniflare/storage-file" "2.10.0"
    "@miniflare/storage-memory" "2.10.0"
    "@miniflare/web-sockets" "2.10.0"
    kleur "^4.1.4"
    semiver "^1.1.0"
    source-map-support "^0.5.20"
    undici "5.9.1"

mustache@^4.2.0:
  version "4.2.0"
  resolved "https://registry.yarnpkg.com/mustache/-/mustache-4.2.0.tgz#e5892324d60a12ec9c2a73359edca52972bf6f64"
  integrity sha512-71ippSywq5Yb7/tVYyGbkBggbU8H3u5Rz56fH60jGFgr8uHwxs+aSKeqmluIVzM0m0kB7xQjKS6qPfd0b2ZoqQ==

node-forge@^1:
  version "1.3.1"
  resolved "https://registry.yarnpkg.com/node-forge/-/node-forge-1.3.1.tgz#be8da2af243b2417d5f646a770663a92b7e9ded3"
  integrity sha512-dPEtOeMvF9VMcYV/1Wb8CPoVAXtp6MKMlcbAt4ddqmGqUJ6fQZFXkNZNkNlfevtNkGtaSoXf/vNNNSvgrdXwtA==

npm-run-path@^5.1.0:
  version "5.1.0"
  resolved "https://registry.yarnpkg.com/npm-run-path/-/npm-run-path-5.1.0.tgz#bc62f7f3f6952d9894bd08944ba011a6ee7b7e00"
  integrity sha512-sJOdmRGrY2sjNTRMbSvluQqg+8X7ZK61yvzBEIDhz4f8z1TZFYABsqjjCBd/0PUNE9M6QDgHJXQkGUEm7Q+l9Q==
  dependencies:
    path-key "^4.0.0"

npx-import@^1.1.3:
  version "1.1.3"
  resolved "https://registry.yarnpkg.com/npx-import/-/npx-import-1.1.3.tgz#680dff2be6cd635ec67fae91c1da544f7303da5c"
  integrity sha512-zy6249FJ81OtPsvz2y0+rgis31EN5wbdwBG2umtEh65W/4onYArHuoUSZ+W+T7BQYK7YF+h9G4CuGPusMCcLOw==
  dependencies:
    execa "^6.1.0"
    parse-package-name "^1.0.0"
    semver "^7.3.7"
    validate-npm-package-name "^4.0.0"

onetime@^6.0.0:
  version "6.0.0"
  resolved "https://registry.yarnpkg.com/onetime/-/onetime-6.0.0.tgz#7c24c18ed1fd2e9bca4bd26806a33613c77d34b4"
  integrity sha512-1FlR+gjXK7X+AsAHso35MnyN5KqGwJRi/31ft6x0M194ht7S+rWAvd7PHss9xSKMzE0asv1pyIHaJYq+BbacAQ==
  dependencies:
    mimic-fn "^4.0.0"

parse-package-name@^1.0.0:
  version "1.0.0"
  resolved "https://registry.yarnpkg.com/parse-package-name/-/parse-package-name-1.0.0.tgz#1a108757e4ffc6889d5e78bcc4932a97c097a5a7"
  integrity sha512-kBeTUtcj+SkyfaW4+KBe0HtsloBJ/mKTPoxpVdA57GZiPerREsUWJOhVj9anXweFiJkm5y8FG1sxFZkZ0SN6wg==

path-key@^3.1.0:
  version "3.1.1"
  resolved "https://registry.yarnpkg.com/path-key/-/path-key-3.1.1.tgz#581f6ade658cbba65a0d3380de7753295054f375"
  integrity sha512-ojmeN0qd+y0jszEtoY48r0Peq5dwMEkIlCOu6Q5f41lfkswXuKtYrhgoTpLnyIcHm24Uhqx+5Tqm2InSwLhE6Q==

path-key@^4.0.0:
  version "4.0.0"
  resolved "https://registry.yarnpkg.com/path-key/-/path-key-4.0.0.tgz#295588dc3aee64154f877adb9d780b81c554bf18"
  integrity sha512-haREypq7xkM7ErfgIyA0z+Bj4AGKlMSdlQE2jvJo6huWD1EdkKYV+G/T4nq0YEF2vgTT8kqMFKo1uHn950r4SQ==

picomatch@^2.3.1:
  version "2.3.1"
  resolved "https://registry.yarnpkg.com/picomatch/-/picomatch-2.3.1.tgz#3ba3833733646d9d3e4995946c1365a67fb07a42"
  integrity sha512-JU3teHTNjmE2VCGFzuY8EXzCDVwEqB2a8fsIvwaStHhAWJEeVd1o1QD80CU6+ZdEXXSLbSsuLwJjkCBWqRQUVA==

selfsigned@^2.0.0:
  version "2.0.1"
  resolved "https://registry.yarnpkg.com/selfsigned/-/selfsigned-2.0.1.tgz#8b2df7fa56bf014d19b6007655fff209c0ef0a56"
  integrity sha512-LmME957M1zOsUhG+67rAjKfiWFox3SBxE/yymatMZsAx+oMrJ0YQ8AToOnyCm7xbeg2ep37IHLxdu0o2MavQOQ==
  dependencies:
    node-forge "^1"

semiver@^1.1.0:
  version "1.1.0"
  resolved "https://registry.yarnpkg.com/semiver/-/semiver-1.1.0.tgz#9c97fb02c21c7ce4fcf1b73e2c7a24324bdddd5f"
  integrity sha512-QNI2ChmuioGC1/xjyYwyZYADILWyW6AmS1UH6gDj/SFUUUS4MBAWs/7mxnkRPc/F4iHezDP+O8t0dO8WHiEOdg==

semver@^7.0.0, semver@^7.3.7:
  version "7.3.7"
  resolved "https://registry.yarnpkg.com/semver/-/semver-7.3.7.tgz#12c5b649afdbf9049707796e22a4028814ce523f"
  integrity sha512-QlYTucUYOews+WeEujDoEGziz4K6c47V/Bd+LjSSYcA94p+DmINdf7ncaUinThfvZyu13lN9OY1XDxt8C0Tw0g==
  dependencies:
    lru-cache "^6.0.0"

set-cookie-parser@^2.4.8:
  version "2.5.1"
  resolved "https://registry.yarnpkg.com/set-cookie-parser/-/set-cookie-parser-2.5.1.tgz#ddd3e9a566b0e8e0862aca974a6ac0e01349430b"
  integrity sha512-1jeBGaKNGdEq4FgIrORu/N570dwoPYio8lSoYLWmX7sQ//0JY08Xh9o5pBcgmHQ/MbsYp/aZnOe1s1lIsbLprQ==

shebang-command@^2.0.0:
  version "2.0.0"
  resolved "https://registry.yarnpkg.com/shebang-command/-/shebang-command-2.0.0.tgz#ccd0af4f8835fbdc265b82461aaf0c36663f34ea"
  integrity sha512-kHxr2zZpYtdmrN1qDjrrX/Z1rR1kG8Dx+gkpK1G4eXmvXswmcE1hTWBWYUzlraYw1/yZp6YuDY77YtvbN0dmDA==
  dependencies:
    shebang-regex "^3.0.0"

shebang-regex@^3.0.0:
  version "3.0.0"
  resolved "https://registry.yarnpkg.com/shebang-regex/-/shebang-regex-3.0.0.tgz#ae16f1644d873ecad843b0307b143362d4c42172"
  integrity sha512-7++dFhtcx3353uBaq8DDR4NuxBetBzC7ZQOhmTQInHEd6bSrXdiEyzCvG07Z44UYdLShWUyXt5M/yhz8ekcb1A==

signal-exit@^3.0.7:
  version "3.0.7"
  resolved "https://registry.yarnpkg.com/signal-exit/-/signal-exit-3.0.7.tgz#a9a1767f8af84155114eaabd73f99273c8f59ad9"
  integrity sha512-wnD2ZE+l+SPC/uoS0vXeE9L1+0wuaMqKlfz9AMUo38JsyLSBWSFcHR1Rri62LZc12vLr1gb3jl7iwQhgwpAbGQ==

source-map-support@^0.5.20:
  version "0.5.21"
  resolved "https://registry.yarnpkg.com/source-map-support/-/source-map-support-0.5.21.tgz#04fe7c7f9e1ed2d662233c28cb2b35b9f63f6e4f"
  integrity sha512-uBHU3L3czsIyYXKX88fdrGovxdSCoTGDRZ6SYXtSRxLZUzHg5P/66Ht6uoUlHu9EZod+inXhKo3qQgwXUT/y1w==
  dependencies:
    buffer-from "^1.0.0"
    source-map "^0.6.0"

source-map@^0.6.0:
  version "0.6.1"
  resolved "https://registry.yarnpkg.com/source-map/-/source-map-0.6.1.tgz#74722af32e9614e9c287a8d0bbde48b5e2f1a263"
  integrity sha512-UjgapumWlbMhkBgzT7Ykc5YXUT46F0iKu8SGXq0bcwP5dz/h0Plj6enJqjz1Zbq2l5WaqYnrVbwWOWMyF3F47g==

stack-trace@0.0.10:
  version "0.0.10"
  resolved "https://registry.yarnpkg.com/stack-trace/-/stack-trace-0.0.10.tgz#547c70b347e8d32b4e108ea1a2a159e5fdde19c0"
  integrity sha512-KGzahc7puUKkzyMt+IqAep+TVNbKP+k2Lmwhub39m1AsTSkaDutx56aDCo+HLDzf/D26BIHTJWNiTG1KAJiQCg==

streamsearch@^1.1.0:
  version "1.1.0"
  resolved "https://registry.yarnpkg.com/streamsearch/-/streamsearch-1.1.0.tgz#404dd1e2247ca94af554e841a8ef0eaa238da764"
  integrity sha512-Mcc5wHehp9aXz1ax6bZUyY5afg9u2rv5cqQI3mRrYkGC8rW2hM02jWuwjtL++LS5qinSyhj2QfLyNsuc+VsExg==

strip-final-newline@^3.0.0:
  version "3.0.0"
  resolved "https://registry.yarnpkg.com/strip-final-newline/-/strip-final-newline-3.0.0.tgz#52894c313fbff318835280aed60ff71ebf12b8fd"
  integrity sha512-dOESqjYr96iWYylGObzd39EuNTa5VJxyvVAEm5Jnh7KGo75V43Hk1odPQkNDyXNmUR6k+gEiDVXnjB8HJ3crXw==

typescript@^4.8.4:
  version "4.8.4"
  resolved "https://registry.yarnpkg.com/typescript/-/typescript-4.8.4.tgz#c464abca159669597be5f96b8943500b238e60e6"
  integrity sha512-QCh+85mCy+h0IGff8r5XWzOVSbBO+KfeYrMQh7NJ58QujwcE22u+NUSmUxqF+un70P9GXKxa2HCNiTTMJknyjQ==

undici@5.9.1:
  version "5.9.1"
  resolved "https://registry.yarnpkg.com/undici/-/undici-5.9.1.tgz#fc9fd85dd488f965f153314a63d9426a11f3360b"
  integrity sha512-6fB3a+SNnWEm4CJbgo0/CWR8RGcOCQP68SF4X0mxtYTq2VNN8T88NYrWVBAeSX+zb7bny2dx2iYhP3XHi00omg==

urlpattern-polyfill@^4.0.3:
  version "4.0.3"
  resolved "https://registry.yarnpkg.com/urlpattern-polyfill/-/urlpattern-polyfill-4.0.3.tgz#c1fa7a73eb4e6c6a1ffb41b24cf31974f7392d3b"
  integrity sha512-DOE84vZT2fEcl9gqCUTcnAw5ZY5Id55ikUcziSUntuEFL3pRvavg5kwDmTEUJkeCHInTlV/HexFomgYnzO5kdQ==

validate-npm-package-name@^4.0.0:
  version "4.0.0"
  resolved "https://registry.yarnpkg.com/validate-npm-package-name/-/validate-npm-package-name-4.0.0.tgz#fe8f1c50ac20afdb86f177da85b3600f0ac0d747"
  integrity sha512-mzR0L8ZDktZjpX4OB46KT+56MAhl4EIazWP/+G/HPGuvfdaqg4YsCdtOm6U9+LOFyYDoh4dpnpxZRB9MQQns5Q==
  dependencies:
    builtins "^5.0.0"

which@^2.0.1:
  version "2.0.2"
  resolved "https://registry.yarnpkg.com/which/-/which-2.0.2.tgz#7c6a8dd0a636a0327e10b59c9286eee93f3f51b1"
  integrity sha512-BLI3Tl1TW3Pvl70l3yq3Y64i+awpwXqsGBYWkkqMtnbXgrMD+yj7rhW0kuEDxzJaYXGjEW5ogapKNMEKNMjibA==
  dependencies:
    isexe "^2.0.0"

ws@^8.2.2:
  version "8.8.1"
  resolved "https://registry.yarnpkg.com/ws/-/ws-8.8.1.tgz#5dbad0feb7ade8ecc99b830c1d77c913d4955ff0"
  integrity sha512-bGy2JzvzkPowEJV++hF07hAD6niYSr0JzBNo/J29WsB57A2r7Wlc1UFcTR9IzrPvuNVO4B8LGqF8qcpsVOhJCA==

yallist@^4.0.0:
  version "4.0.0"
  resolved "https://registry.yarnpkg.com/yallist/-/yallist-4.0.0.tgz#9bb92790d9c0effec63be73519e11a35019a3a72"
  integrity sha512-3wdGidZyq5PB084XLES5TpOSRA3wjXAlIWMhum2kRcv/41Sn2emQ0dycQW4uZXLejwKvg6EsvbdlVL+FYEct7A==

youch@^2.2.2:
  version "2.2.2"
  resolved "https://registry.yarnpkg.com/youch/-/youch-2.2.2.tgz#cb87a359a5c524ebd35eb07ca3a1521dbc7e1a3e"
  integrity sha512-/FaCeG3GkuJwaMR34GHVg0l8jCbafZLHiFowSjqLlqhC6OMyf2tPJBu8UirF7/NI9X/R5ai4QfEKUCOxMAGxZQ==
  dependencies:
    "@types/stack-trace" "0.0.29"
    cookie "^0.4.1"
    mustache "^4.2.0"
    stack-trace "0.0.10"
